
Microsoft Visual Studio Solution File, Format Version 12.00
# Visual Studio 15
VisualStudioVersion = 15.0.28307.1022
MinimumVisualStudioVersion = 10.0.40219.1
Project("{FAE04EC0-301F-11D3-BF4B-00C04F79EFBC}") = "LeetCodePuzzles", "LeetCodePuzzles\LeetCodePuzzles.csproj", "{C22F3688-A28D-4233-BCA2-E9651710477B}"
EndProject
Global
	GlobalSection(SolutionConfigurationPlatforms) = preSolution
		Debug|Any CPU = Debug|Any CPU
		Release|Any CPU = Release|Any CPU
	EndGlobalSection
	GlobalSection(ProjectConfigurationPlatforms) = postSolution
		{C22F3688-A28D-4233-BCA2-E9651710477B}.Debug|Any CPU.ActiveCfg = Debug|Any CPU
		{C22F3688-A28D-4233-BCA2-E9651710477B}.Debug|Any CPU.Build.0 = Debug|Any CPU
		{C22F3688-A28D-4233-BCA2-E9651710477B}.Release|Any CPU.ActiveCfg = Release|Any CPU
		{C22F3688-A28D-4233-BCA2-E9651710477B}.Release|Any CPU.Build.0 = Release|Any CPU
	EndGlobalSection
	GlobalSection(SolutionProperties) = preSolution
		HideSolutionNode = FALSE
	EndGlobalSection
	GlobalSection(ExtensibilityGlobals) = postSolution
		SolutionGuid = {6C6F1F01-96A4-4745-9297-C617FCA8AD89}
	EndGlobalSection
EndGlobal
